# This file is generated by running "yarn install" inside your project.
# Manual changes might be lost - proceed with caution!

__metadata:
  version: 8
  cacheKey: 10c0

"@openzeppelin/contracts-upgradeable@npm:^5.0.1":
  version: 5.0.2
  resolution: "@openzeppelin/contracts-upgradeable@npm:5.0.2"
  peerDependencies:
    "@openzeppelin/contracts": 5.0.2
  checksum: 10c0/0bd47a4fa0ba8084c1df9573968ff02387bc21514d846b5feb4ad42f90f3ba26bb1e40f17f03e4fa24ffbe473b9ea06c137283297884ab7d5b98d2c112904dc9
  languageName: node
  linkType: hard

"@openzeppelin/contracts@npm:^5.0.1":
  version: 5.0.2
  resolution: "@openzeppelin/contracts@npm:5.0.2"
  checksum: 10c0/d042661db7bb2f3a4b9ef30bba332e86ac20907d171f2ebfccdc9255cc69b62786fead8d6904b8148a8f26946bc7c15eead91b95f75db0c193a99d52e528663e
  languageName: node
  linkType: hard

"dotenv@npm:^16.3.1":
  version: 16.4.5
  resolution: "dotenv@npm:16.4.5"
  checksum: 10c0/48d92870076832af0418b13acd6e5a5a3e83bb00df690d9812e94b24aff62b88ade955ac99a05501305b8dc8f1b0ee7638b18493deb6fe93d680e5220936292f
  languageName: node
  linkType: hard

"erc721a@npm:^4.2.3":
  version: 4.2.3
  resolution: "erc721a@npm:4.2.3"
  checksum: 10c0/9191f2a35ef83ed6796b2fe184c566af84dddffbd77e6d4606a7c4fd67de42f4318eeee1eb86c14ccc4a37394f33df14d1a494a1a5ba378f63b1fa9f9368bd87
  languageName: node
  linkType: hard

"paima-evm-contracts-v2@npm:@paima/evm-contracts@2.0.0":
  version: 2.0.0
  resolution: "@paima/evm-contracts@npm:2.0.0"
  dependencies:
    dotenv: "npm:^16.3.1"
  peerDependencies:
    "@nomicfoundation/hardhat-foundry": ^1.1.1
    "@nomicfoundation/hardhat-toolbox": ^4.0.0
    "@openzeppelin/contracts": ^5.0.2
    "@openzeppelin/contracts-upgradeable": ^5.0.2
    hardhat: ^2.19.3
  checksum: 10c0/081cab510460a38f64ff6dc73242a72e5f855953e22e2310265a85140f42eff03c54279b984c8362623f7dc309a6c042aaac9c11a99a3c3bd0048a839db42ad2
  languageName: node
  linkType: hard

"paima-evm-contracts-v3@npm:@paima/evm-contracts@3.0.0":
  version: 3.0.0
  resolution: "@paima/evm-contracts@npm:3.0.0"
  dependencies:
    dotenv: "npm:^16.3.1"
  peerDependencies:
    "@nomicfoundation/hardhat-foundry": ^1.1.1
    "@nomicfoundation/hardhat-toolbox": ^4.0.0
    "@openzeppelin/contracts": ^5.0.2
    "@openzeppelin/contracts-upgradeable": ^5.0.2
    hardhat: ^2.19.3
  checksum: 10c0/712e6aba4dedfed76fcdcaecc8cee84ad234691faa65aa4a3a632a66d17a09199d81f54021557aba7f8ac45fa7a17d9348277b4733b36f6145a694d5efff78b3
  languageName: node
  linkType: hard

"tarochi-season-pass-contracts@workspace:.":
  version: 0.0.0-use.local
  resolution: "tarochi-season-pass-contracts@workspace:."
  dependencies:
    "@openzeppelin/contracts": "npm:^5.0.1"
    "@openzeppelin/contracts-upgradeable": "npm:^5.0.1"
    erc721a: "npm:^4.2.3"
    paima-evm-contracts-v2: "npm:@paima/evm-contracts@2.0.0"
    paima-evm-contracts-v3: "npm:@paima/evm-contracts@3.0.0"
  languageName: unknown
  linkType: soft
